{
  "nodes": {
    "archix": {
      "inputs": {
        "nixpkgs": [
          "nixpkgs"
        ],
        "xddxdd": "xddxdd"
      },
      "locked": {
        "lastModified": 1701965296,
        "narHash": "sha256-bPxkv6RkhW/8aa1p4dZutDIQAWNst05wBJA3YuW7A00=",
        "owner": "SamLukeYes",
        "repo": "archix",
        "rev": "1c167e2129b3d73178464d3b00542232d843160e",
        "type": "github"
      },
      "original": {
        "owner": "SamLukeYes",
        "repo": "archix",
        "type": "github"
      }
    },
    "auto-cpufreq": {
      "inputs": {
        "nixpkgs": [
          "nixpkgs"
        ]
      },
      "locked": {
        "lastModified": 1702849488,
        "narHash": "sha256-5pbG+d38U5GpXo5HPLzEanaiC4/QGMpGIUtbYdLbtWU=",
        "owner": "AdnanHodzic",
        "repo": "auto-cpufreq",
        "rev": "8938cc92d74a97b42cdc079db04cb87c8c90dea3",
        "type": "github"
      },
      "original": {
        "owner": "AdnanHodzic",
        "repo": "auto-cpufreq",
        "type": "github"
      }
    },
    "chaotic-nyx": {
      "inputs": {
        "compare-to": "compare-to",
        "flake-schemas": "flake-schemas",
        "home-manager": [
          "home-manager"
        ],
        "nixpkgs": "nixpkgs",
        "systems": [
          "systems"
        ],
        "yafas": "yafas"
      },
      "locked": {
        "lastModified": 1703078251,
        "narHash": "sha256-VMiAPS8Lftt2pw8rRB/XB+aC/S5tZ94FtdBfs8gDX14=",
        "owner": "chaotic-cx",
        "repo": "nyx",
        "rev": "eab4214b6f7ee0327ac45ef7780a6eb3094cc2e2",
        "type": "github"
      },
      "original": {
        "owner": "chaotic-cx",
        "ref": "nyxpkgs-unstable",
        "repo": "nyx",
        "type": "github"
      }
    },
    "compare-to": {
      "locked": {
        "lastModified": 1695341185,
        "narHash": "sha256-htO6DSbWyCgaDkxi7foPjXwJFPzGjVt3RRUbPSpNtZY=",
        "rev": "98b8e330823a3570d328720f87a1153f8a7f2224",
        "revCount": 2,
        "type": "tarball",
        "url": "https://api.flakehub.com/f/pinned/chaotic-cx/nix-empty-flake/0.1.2%2Brev-98b8e330823a3570d328720f87a1153f8a7f2224/018aba35-d228-7fa9-b205-7616c89ef4e0/source.tar.gz"
      },
      "original": {
        "type": "tarball",
        "url": "https://flakehub.com/f/chaotic-cx/nix-empty-flake/0.1.2.tar.gz"
      }
    },
    "crane": {
      "inputs": {
        "nixpkgs": [
          "lanzaboote",
          "nixpkgs"
        ]
      },
      "locked": {
        "lastModified": 1699218802,
        "narHash": "sha256-5l0W4Q7z7A4BCstaF5JuBqXOVrZ3Vqst5+hUnP7EdUc=",
        "owner": "ipetkov",
        "repo": "crane",
        "rev": "2d6c2aaff5a05e443eb15efddc21f9c73720340c",
        "type": "github"
      },
      "original": {
        "owner": "ipetkov",
        "repo": "crane",
        "type": "github"
      }
    },
    "devshell": {
      "flake": false,
      "locked": {
        "lastModified": 1701787589,
        "narHash": "sha256-ce+oQR4Zq9VOsLoh9bZT8Ip9PaMLcjjBUHVPzW5d7Cw=",
        "owner": "numtide",
        "repo": "devshell",
        "rev": "44ddedcbcfc2d52a76b64fb6122f209881bd3e1e",
        "type": "github"
      },
      "original": {
        "owner": "numtide",
        "repo": "devshell",
        "type": "github"
      }
    },
    "disko": {
      "inputs": {
        "nixpkgs": [
          "nixpkgs"
        ]
      },
      "locked": {
        "lastModified": 1703063214,
        "narHash": "sha256-OgrRZKb7IkSSlIshUDaD7plxe0xIQauMA1y+OirtEWo=",
        "owner": "nix-community",
        "repo": "disko",
        "rev": "b4104fcaea42037b04c199a5d6784682a15be254",
        "type": "github"
      },
      "original": {
        "owner": "nix-community",
        "repo": "disko",
        "type": "github"
      }
    },
    "flake-compat": {
      "flake": false,
      "locked": {
        "lastModified": 1673956053,
        "narHash": "sha256-4gtG9iQuiKITOjNQQeQIpoIB6b16fm+504Ch3sNKLd8=",
        "owner": "edolstra",
        "repo": "flake-compat",
        "rev": "35bb57c0c8d8b62bbfd284272c928ceb64ddbde9",
        "type": "github"
      },
      "original": {
        "owner": "edolstra",
        "repo": "flake-compat",
        "type": "github"
      }
    },
    "flake-compat_2": {
      "flake": false,
      "locked": {
        "lastModified": 1696426674,
        "narHash": "sha256-kvjfFW7WAETZlt09AgDn1MrtKzP7t90Vf7vypd3OL1U=",
        "owner": "edolstra",
        "repo": "flake-compat",
        "rev": "0f9255e01c2351cc7d116c072cb317785dd33b33",
        "type": "github"
      },
      "original": {
        "owner": "edolstra",
        "repo": "flake-compat",
        "type": "github"
      }
    },
    "flake-parts": {
      "inputs": {
        "nixpkgs-lib": [
          "nixpkgs"
        ]
      },
      "locked": {
        "lastModified": 1701473968,
        "narHash": "sha256-YcVE5emp1qQ8ieHUnxt1wCZCC3ZfAS+SRRWZ2TMda7E=",
        "owner": "hercules-ci",
        "repo": "flake-parts",
        "rev": "34fed993f1674c8d06d58b37ce1e0fe5eebcb9f5",
        "type": "github"
      },
      "original": {
        "owner": "hercules-ci",
        "repo": "flake-parts",
        "type": "github"
      }
    },
    "flake-schemas": {
      "locked": {
        "lastModified": 1697467827,
        "narHash": "sha256-j8SR19V1SRysyJwpOBF4TLuAvAjF5t+gMiboN4gYQDU=",
        "rev": "764932025c817d4e500a8d2a4d8c565563923d29",
        "revCount": 29,
        "type": "tarball",
        "url": "https://api.flakehub.com/f/pinned/DeterminateSystems/flake-schemas/0.1.2/018b3da8-4cc3-7fbb-8ff7-1588413c53e2/source.tar.gz"
      },
      "original": {
        "type": "tarball",
        "url": "https://flakehub.com/f/DeterminateSystems/flake-schemas/0.1.1.tar.gz"
      }
    },
    "flake-utils": {
      "inputs": {
        "systems": "systems"
      },
      "locked": {
        "lastModified": 1701680307,
        "narHash": "sha256-kAuep2h5ajznlPMD9rnQyffWG8EM/C73lejGofXvdM8=",
        "owner": "numtide",
        "repo": "flake-utils",
        "rev": "4022d587cbbfd70fe950c1e2083a02621806a725",
        "type": "github"
      },
      "original": {
        "owner": "numtide",
        "repo": "flake-utils",
        "type": "github"
      }
    },
    "flake-utils-plus": {
      "inputs": {
        "flake-utils": [
          "archix",
          "xddxdd",
          "flake-utils"
        ]
      },
      "locked": {
        "lastModified": 1696331477,
        "narHash": "sha256-YkbRa/1wQWdWkVJ01JvV+75KIdM37UErqKgTf0L54Fk=",
        "owner": "gytis-ivaskevicius",
        "repo": "flake-utils-plus",
        "rev": "bfc53579db89de750b25b0c5e7af299e0c06d7d3",
        "type": "github"
      },
      "original": {
        "owner": "gytis-ivaskevicius",
        "repo": "flake-utils-plus",
        "type": "github"
      }
    },
    "flake-utils_2": {
      "inputs": {
        "systems": [
          "systems"
        ]
      },
      "locked": {
        "lastModified": 1701680307,
        "narHash": "sha256-kAuep2h5ajznlPMD9rnQyffWG8EM/C73lejGofXvdM8=",
        "owner": "numtide",
        "repo": "flake-utils",
        "rev": "4022d587cbbfd70fe950c1e2083a02621806a725",
        "type": "github"
      },
      "original": {
        "owner": "numtide",
        "repo": "flake-utils",
        "type": "github"
      }
    },
    "garuda-nix": {
      "inputs": {
        "chaotic-nyx": [
          "chaotic-nyx"
        ],
        "devshell": [
          "devshell"
        ],
        "flake-parts": [
          "flake-parts"
        ],
        "flake-utils": [
          "flake-utils"
        ],
        "home-manager": [
          "home-manager"
        ],
        "nix-index-database": [
          "nix-index-database"
        ],
        "nixpkgs": [
          "nixpkgs"
        ],
        "pre-commit-hooks": [
          "pre-commit-hooks"
        ]
      },
      "locked": {
        "lastModified": 1703078884,
        "narHash": "sha256-WwWrEdbjogwKbuIQdgGQ6l9rSXyBJIaFYRjuBE6lsE8=",
        "owner": "garuda-linux",
        "repo": "garuda-nix-subsystem",
        "rev": "8b93b01f0effc3a3c43fd6afe1dc836d16fe683d",
        "type": "gitlab"
      },
      "original": {
        "owner": "garuda-linux",
        "ref": "main",
        "repo": "garuda-nix-subsystem",
        "type": "gitlab"
      }
    },
    "gitignore": {
      "inputs": {
        "nixpkgs": [
          "nixpkgs"
        ]
      },
      "locked": {
        "lastModified": 1694102001,
        "narHash": "sha256-vky6VPK1n1od6vXbqzOXnekrQpTL4hbPAwUhT5J9c9E=",
        "owner": "hercules-ci",
        "repo": "gitignore.nix",
        "rev": "9e21c80adf67ebcb077d75bd5e7d724d21eeafd6",
        "type": "github"
      },
      "original": {
        "owner": "hercules-ci",
        "repo": "gitignore.nix",
        "type": "github"
      }
    },
    "home-manager": {
      "inputs": {
        "nixpkgs": [
          "nixpkgs"
        ]
      },
      "locked": {
        "lastModified": 1703072477,
        "narHash": "sha256-I2g7o+J26iK3sGk53iuaYiMWryzAYx0zhNQUFzTID/A=",
        "owner": "nix-community",
        "repo": "home-manager",
        "rev": "433120e47d016c9960dd9c2b1821e97d223a6a39",
        "type": "github"
      },
      "original": {
        "owner": "nix-community",
        "repo": "home-manager",
        "type": "github"
      }
    },
    "impermanence": {
      "locked": {
        "lastModified": 1702984171,
        "narHash": "sha256-reIUBrUXibohXmvXRsgpvtlCE0QQSvWSA+qQCKohgR0=",
        "owner": "nix-community",
        "repo": "impermanence",
        "rev": "123e94200f63952639492796b8878e588a4a2851",
        "type": "github"
      },
      "original": {
        "owner": "nix-community",
        "repo": "impermanence",
        "type": "github"
      }
    },
    "kde2nix": {
      "inputs": {
        "flake-utils": [
          "flake-utils"
        ],
        "nixpkgs": "nixpkgs_2",
        "pre-commit-hooks": [
          "pre-commit-hooks"
        ]
      },
      "locked": {
        "lastModified": 1702626673,
        "narHash": "sha256-+LQZd7Cy6LJiasTLl2Mt4PFS4I4dqv0b6lfeMOSHUTs=",
        "owner": "nix-community",
        "repo": "kde2nix",
        "rev": "f0fb2b97ea101320ba5d6d46d6fa0eb356d589e2",
        "type": "github"
      },
      "original": {
        "owner": "nix-community",
        "repo": "kde2nix",
        "type": "github"
      }
    },
    "keys_nico": {
      "flake": false,
      "locked": {
        "narHash": "sha256-zNbNt0fC8lFyFkLLoSHmjAvyGpwD3InEQCHydkfnri0=",
        "type": "file",
        "url": "https://github.com/dr460nf1r3.keys"
      },
      "original": {
        "type": "file",
        "url": "https://github.com/dr460nf1r3.keys"
      }
    },
    "lanzaboote": {
      "inputs": {
        "crane": "crane",
        "flake-compat": [
          "flake-compat"
        ],
        "flake-parts": [
          "flake-parts"
        ],
        "flake-utils": [
          "flake-utils"
        ],
        "nixpkgs": [
          "nixpkgs"
        ],
        "pre-commit-hooks-nix": [
          "pre-commit-hooks"
        ],
        "rust-overlay": "rust-overlay"
      },
      "locked": {
        "lastModified": 1702288664,
        "narHash": "sha256-7ZGNXYyV1TTtqOCf/ndOFQoH3/+c5dp1QQB7tFDKWw4=",
        "owner": "nix-community",
        "repo": "lanzaboote",
        "rev": "9186a77827d83c49557af564f7cb437ca197b739",
        "type": "github"
      },
      "original": {
        "owner": "nix-community",
        "ref": "master",
        "repo": "lanzaboote",
        "type": "github"
      }
    },
    "libgit2": {
      "flake": false,
      "locked": {
        "lastModified": 1697646580,
        "narHash": "sha256-oX4Z3S9WtJlwvj0uH9HlYcWv+x1hqp8mhXl7HsLu2f0=",
        "owner": "libgit2",
        "repo": "libgit2",
        "rev": "45fd9ed7ae1a9b74b957ef4f337bc3c8b3df01b5",
        "type": "github"
      },
      "original": {
        "owner": "libgit2",
        "repo": "libgit2",
        "type": "github"
      }
    },
    "lowdown-src": {
      "flake": false,
      "locked": {
        "lastModified": 1633514407,
        "narHash": "sha256-Dw32tiMjdK9t3ETl5fzGrutQTzh2rufgZV4A/BbxuD4=",
        "owner": "kristapsdz",
        "repo": "lowdown",
        "rev": "d2c2b44ff6c27b936ec27358a2653caaef8f73b8",
        "type": "github"
      },
      "original": {
        "owner": "kristapsdz",
        "repo": "lowdown",
        "type": "github"
      }
    },
    "microvm": {
      "inputs": {
        "flake-utils": [
          "flake-utils"
        ],
        "nixpkgs": [
          "nixpkgs"
        ]
      },
      "locked": {
        "lastModified": 1703095240,
        "narHash": "sha256-n/oeDYcJmmrC5F13qHZHGoFr2LfGIgcGz+bmApSApF0=",
        "owner": "astro",
        "repo": "microvm.nix",
        "rev": "7bd9255e535c8cbada7f574ddd3bcf3bfa5e1eae",
        "type": "github"
      },
      "original": {
        "owner": "astro",
        "repo": "microvm.nix",
        "type": "github"
      }
    },
    "nix-gaming": {
      "inputs": {
        "flake-parts": [
          "flake-parts"
        ],
        "nixpkgs": [
          "nixpkgs"
        ]
      },
      "locked": {
        "lastModified": 1703034078,
        "narHash": "sha256-LrnhieLGCAyOc9f4zTuF2G+9rDQJh5fkJbsFYyIw68s=",
        "owner": "fufexan",
        "repo": "nix-gaming",
        "rev": "c0255c3bcbf34cb410b721baa9c2b489e9cd4675",
        "type": "github"
      },
      "original": {
        "owner": "fufexan",
        "repo": "nix-gaming",
        "type": "github"
      }
    },
    "nix-index-database": {
      "inputs": {
        "nixpkgs": [
          "nixpkgs"
        ]
      },
      "locked": {
        "lastModified": 1702864432,
        "narHash": "sha256-xR5Igg2hnm979W3YgMDrSjErHFhHo4rbMboF6DC0mbc=",
        "owner": "nix-community",
        "repo": "nix-index-database",
        "rev": "4605ccd764fac78b9e4b5b058698cb9f04430b91",
        "type": "github"
      },
      "original": {
        "owner": "nix-community",
        "repo": "nix-index-database",
        "type": "github"
      }
    },
    "nix-super": {
      "inputs": {
        "flake-compat": [
          "flake-compat"
        ],
        "libgit2": "libgit2",
        "lowdown-src": "lowdown-src",
        "nixpkgs": [
          "nixpkgs"
        ],
        "nixpkgs-regression": "nixpkgs-regression"
      },
      "locked": {
        "lastModified": 1701958654,
        "narHash": "sha256-ZhXujNwvwTDLmCpYb7h2bTDdZG4h97hEYjzBmKP8p2U=",
        "owner": "privatevoid-net",
        "repo": "nix-super",
        "rev": "661b025c79eac08beda593ede47b41b2052e8ebf",
        "type": "github"
      },
      "original": {
        "owner": "privatevoid-net",
        "repo": "nix-super",
        "type": "github"
      }
    },
    "nixd": {
      "inputs": {
        "flake-parts": [
          "flake-parts"
        ],
        "nixpkgs": [
          "nixpkgs"
        ]
      },
      "locked": {
        "lastModified": 1702723399,
        "narHash": "sha256-Rp1JG10AjtBVU4+UTDGUuZVLoaaq3TMELKaSidkFeH4=",
        "owner": "nix-community",
        "repo": "nixd",
        "rev": "2611b45cf786e7ba1679cd4adfe256ca85b371f5",
        "type": "github"
      },
      "original": {
        "owner": "nix-community",
        "repo": "nixd",
        "type": "github"
      }
    },
    "nixlib": {
      "locked": {
        "lastModified": 1693701915,
        "narHash": "sha256-waHPLdDYUOHSEtMKKabcKIMhlUOHPOOPQ9UyFeEoovs=",
        "owner": "nix-community",
        "repo": "nixpkgs.lib",
        "rev": "f5af57d3ef9947a70ac86e42695231ac1ad00c25",
        "type": "github"
      },
      "original": {
        "owner": "nix-community",
        "repo": "nixpkgs.lib",
        "type": "github"
      }
    },
    "nixos-anywhere": {
      "flake": false,
      "locked": {
        "narHash": "sha256-eyfPiHCumNN7GwNgqfwXPcIusO1IrePNG8N59OUkFyQ=",
        "type": "file",
        "url": "https://raw.githubusercontent.com/numtide/nixos-anywhere/main/src/nixos-anywhere.sh"
      },
      "original": {
        "type": "file",
        "url": "https://raw.githubusercontent.com/numtide/nixos-anywhere/main/src/nixos-anywhere.sh"
      }
    },
    "nixos-generators": {
      "inputs": {
        "nixlib": "nixlib",
        "nixpkgs": [
          "nixpkgs"
        ]
      },
      "locked": {
        "lastModified": 1701689616,
        "narHash": "sha256-ewnfgvRy73HoP5KnYmy1Rcr4m4yShvsb6TCCaKoW8pc=",
        "owner": "nix-community",
        "repo": "nixos-generators",
        "rev": "246219bc21b943c6f6812bb7744218ba0df08600",
        "type": "github"
      },
      "original": {
        "owner": "nix-community",
        "repo": "nixos-generators",
        "type": "github"
      }
    },
    "nixos-hardware": {
      "locked": {
        "lastModified": 1702453208,
        "narHash": "sha256-0wRi9SposfE2wHqjuKt8WO2izKB/ASDOV91URunIqgo=",
        "owner": "NixOS",
        "repo": "nixos-hardware",
        "rev": "7763c6fd1f299cb9361ff2abf755ed9619ef01d6",
        "type": "github"
      },
      "original": {
        "owner": "NixOS",
        "repo": "nixos-hardware",
        "type": "github"
      }
    },
    "nixos-wsl": {
      "inputs": {
        "flake-compat": [
          "flake-compat"
        ],
        "flake-utils": [
          "flake-utils"
        ],
        "nixpkgs": [
          "nixpkgs"
        ]
      },
      "locked": {
        "lastModified": 1702867085,
        "narHash": "sha256-zcKtsexiTURppa7styWbMvrFiIYfoY5mBtWeIlh7YqU=",
        "owner": "nix-community",
        "repo": "nixos-wsl",
        "rev": "86f3b26038b36603f51e260979a09e9c659415e9",
        "type": "github"
      },
      "original": {
        "owner": "nix-community",
        "repo": "nixos-wsl",
        "type": "github"
      }
    },
    "nixpkgs": {
      "locked": {
        "lastModified": 1703013332,
        "narHash": "sha256-+tFNwMvlXLbJZXiMHqYq77z/RfmpfpiI3yjL6o/Zo9M=",
        "rev": "54aac082a4d9bb5bbc5c4e899603abfb76a3f6d6",
        "revCount": 561409,
        "type": "tarball",
        "url": "https://api.flakehub.com/f/pinned/NixOS/nixpkgs/0.1.561409%2Brev-54aac082a4d9bb5bbc5c4e899603abfb76a3f6d6/018c8732-ea5c-725f-a6c9-9ed48683aa5a/source.tar.gz"
      },
      "original": {
        "type": "tarball",
        "url": "https://flakehub.com/f/NixOS/nixpkgs/0.1.0.tar.gz"
      }
    },
    "nixpkgs-regression": {
      "locked": {
        "lastModified": 1643052045,
        "narHash": "sha256-uGJ0VXIhWKGXxkeNnq4TvV3CIOkUJ3PAoLZ3HMzNVMw=",
        "owner": "NixOS",
        "repo": "nixpkgs",
        "rev": "215d4d0fd80ca5163643b03a33fde804a29cc1e2",
        "type": "github"
      },
      "original": {
        "owner": "NixOS",
        "repo": "nixpkgs",
        "rev": "215d4d0fd80ca5163643b03a33fde804a29cc1e2",
        "type": "github"
      }
    },
    "nixpkgs-stable": {
      "locked": {
        "lastModified": 1702759837,
        "narHash": "sha256-u3XeJVRe/Q975nwFE+6ALEwypMKJEELMJKDAhSKyq3M=",
        "owner": "NixOS",
        "repo": "nixpkgs",
        "rev": "b2566f4f897ac6224e094b167d9488d03e157f28",
        "type": "github"
      },
      "original": {
        "owner": "NixOS",
        "ref": "nixos-23.05",
        "repo": "nixpkgs",
        "type": "github"
      }
    },
    "nixpkgs_2": {
      "locked": {
        "lastModified": 1702319469,
        "narHash": "sha256-vxXgbGOmGLr5JUbFZUM/TVYYn/quMTqfFJrx5EXyhbk=",
        "owner": "K900",
        "repo": "nixpkgs",
        "rev": "80878a189a3a7dd9c7253370e2771596936b8a74",
        "type": "github"
      },
      "original": {
        "owner": "K900",
        "ref": "qt6ening",
        "repo": "nixpkgs",
        "type": "github"
      }
    },
    "nixpkgs_3": {
      "locked": {
        "lastModified": 1703063446,
        "narHash": "sha256-e59l84kPNX+clUJUvHJ6+0C3Tw+gYeJn/QaH1dr/3kg=",
        "owner": "NixOS",
        "repo": "nixpkgs",
        "rev": "7c33cd6bf01cf09f77bfdf6741cddfffa2cd5640",
        "type": "github"
      },
      "original": {
        "owner": "NixOS",
        "ref": "nixpkgs-unstable",
        "repo": "nixpkgs",
        "type": "github"
      }
    },
    "nvfetcher": {
      "inputs": {
        "flake-compat": "flake-compat",
        "flake-utils": [
          "archix",
          "xddxdd",
          "flake-utils"
        ],
        "nixpkgs": [
          "archix",
          "xddxdd",
          "nixpkgs"
        ]
      },
      "locked": {
        "lastModified": 1693539235,
        "narHash": "sha256-ACmCq1+RnVq+EB7yeN6fThUR3cCJZb6lKEfv937WG84=",
        "owner": "berberman",
        "repo": "nvfetcher",
        "rev": "2bcf73dea96497ac9c36ed320b457caa705f9485",
        "type": "github"
      },
      "original": {
        "owner": "berberman",
        "repo": "nvfetcher",
        "type": "github"
      }
    },
    "pre-commit-hooks": {
      "inputs": {
        "flake-compat": [
          "flake-compat"
        ],
        "flake-utils": [
          "flake-utils"
        ],
        "gitignore": [
          "gitignore"
        ],
        "nixpkgs": [
          "nixpkgs"
        ],
        "nixpkgs-stable": [
          "nixpkgs-stable"
        ]
      },
      "locked": {
        "lastModified": 1702456155,
        "narHash": "sha256-I2XhXGAecdGlqi6hPWYT83AQtMgL+aa3ulA85RAEgOk=",
        "owner": "cachix",
        "repo": "pre-commit-hooks.nix",
        "rev": "007a45d064c1c32d04e1b8a0de5ef00984c419bc",
        "type": "github"
      },
      "original": {
        "owner": "cachix",
        "repo": "pre-commit-hooks.nix",
        "type": "github"
      }
    },
    "root": {
      "inputs": {
        "archix": "archix",
        "auto-cpufreq": "auto-cpufreq",
        "chaotic-nyx": "chaotic-nyx",
        "devshell": "devshell",
        "disko": "disko",
        "flake-compat": "flake-compat_2",
        "flake-parts": "flake-parts",
        "flake-utils": "flake-utils_2",
        "garuda-nix": "garuda-nix",
        "gitignore": "gitignore",
        "home-manager": "home-manager",
        "impermanence": "impermanence",
        "kde2nix": "kde2nix",
        "keys_nico": "keys_nico",
        "lanzaboote": "lanzaboote",
        "microvm": "microvm",
        "nix-gaming": "nix-gaming",
        "nix-index-database": "nix-index-database",
        "nix-super": "nix-super",
        "nixd": "nixd",
        "nixos-anywhere": "nixos-anywhere",
        "nixos-generators": "nixos-generators",
        "nixos-hardware": "nixos-hardware",
        "nixos-wsl": "nixos-wsl",
        "nixpkgs": "nixpkgs_3",
        "nixpkgs-stable": "nixpkgs-stable",
        "pre-commit-hooks": "pre-commit-hooks",
        "sops-nix": "sops-nix",
        "spicetify-nix": "spicetify-nix",
        "stevenblack-hosts": "stevenblack-hosts",
        "systems": "systems_2"
      }
    },
    "rust-overlay": {
      "inputs": {
        "flake-utils": [
          "lanzaboote",
          "flake-utils"
        ],
        "nixpkgs": [
          "lanzaboote",
          "nixpkgs"
        ]
      },
      "locked": {
        "lastModified": 1699409596,
        "narHash": "sha256-L3g1smIol3dGTxkUQOlNShJtZLvjLzvtbaeTRizwZBU=",
        "owner": "oxalica",
        "repo": "rust-overlay",
        "rev": "58240e1ac627cef3ea30c7732fedfb4f51afd8e7",
        "type": "github"
      },
      "original": {
        "owner": "oxalica",
        "repo": "rust-overlay",
        "type": "github"
      }
    },
    "sops-nix": {
      "inputs": {
        "nixpkgs": [
          "nixpkgs"
        ],
        "nixpkgs-stable": [
          "nixpkgs-stable"
        ]
      },
      "locked": {
        "lastModified": 1702937567,
        "narHash": "sha256-bUNl3GPqRgTGp13+oV1DrYa1/NHuGHo5SKmr+RqC/2g=",
        "owner": "Mic92",
        "repo": "sops-nix",
        "rev": "f7db64b88dabc95e4f7bee20455f418e7ab805d4",
        "type": "github"
      },
      "original": {
        "owner": "Mic92",
        "repo": "sops-nix",
        "type": "github"
      }
    },
    "spicetify-nix": {
      "inputs": {
        "flake-utils": [
          "flake-utils"
        ],
        "nixpkgs": [
          "nixpkgs"
        ]
      },
      "locked": {
        "lastModified": 1699986787,
        "narHash": "sha256-eYlLWibKtHN/uWJQLzOMRXpoTbO6VcFTfVY4dpgdJcQ=",
        "owner": "the-argus",
        "repo": "spicetify-nix",
        "rev": "3c702af1f717b7876fac08809201b1368d0d956c",
        "type": "github"
      },
      "original": {
        "owner": "the-argus",
        "repo": "spicetify-nix",
        "type": "github"
      }
    },
    "stevenblack-hosts": {
      "flake": false,
      "locked": {
        "lastModified": 1702838035,
        "narHash": "sha256-hTFIG1a/PNgDo5U57VmXDJvR3VWd8TKVinnLfJRlQGo=",
        "owner": "stevenblack",
        "repo": "hosts",
        "rev": "885087bf64df37b10e936e88f0463dd5d6f8d7fa",
        "type": "github"
      },
      "original": {
        "owner": "stevenblack",
        "repo": "hosts",
        "type": "github"
      }
    },
    "systems": {
      "locked": {
        "lastModified": 1681028828,
        "narHash": "sha256-Vy1rq5AaRuLzOxct8nz4T6wlgyUR7zLU309k9mBC768=",
        "owner": "nix-systems",
        "repo": "default",
        "rev": "da67096a3b9bf56a91d16901293e51ba5b49a27e",
        "type": "github"
      },
      "original": {
        "owner": "nix-systems",
        "repo": "default",
        "type": "github"
      }
    },
    "systems_2": {
      "locked": {
        "lastModified": 1681028828,
        "narHash": "sha256-Vy1rq5AaRuLzOxct8nz4T6wlgyUR7zLU309k9mBC768=",
        "owner": "nix-systems",
        "repo": "default",
        "rev": "da67096a3b9bf56a91d16901293e51ba5b49a27e",
        "type": "github"
      },
      "original": {
        "owner": "nix-systems",
        "repo": "default",
        "type": "github"
      }
    },
    "xddxdd": {
      "inputs": {
        "flake-utils": "flake-utils",
        "flake-utils-plus": "flake-utils-plus",
        "nixpkgs": [
          "archix",
          "nixpkgs"
        ],
        "nvfetcher": "nvfetcher"
      },
      "locked": {
        "lastModified": 1701935651,
        "narHash": "sha256-WmoIHfzWHo5EEN1mg2tFXRcTX9KfeSCewmkJoRbrca0=",
        "owner": "xddxdd",
        "repo": "nur-packages",
        "rev": "93059562ce901d613d67f6c580f6ecfb51d3da10",
        "type": "github"
      },
      "original": {
        "owner": "xddxdd",
        "repo": "nur-packages",
        "type": "github"
      }
    },
    "yafas": {
      "inputs": {
        "flake-schemas": [
          "chaotic-nyx",
          "flake-schemas"
        ],
        "systems": [
          "chaotic-nyx",
          "systems"
        ]
      },
      "locked": {
        "lastModified": 1695926485,
        "narHash": "sha256-wNFFnItckgSs8XeYhhv8vlJs2WF09fSQaWgw4xkDqHQ=",
        "rev": "7772afd6686458ca0ddbc599a52cf5d337367653",
        "revCount": 4,
        "type": "tarball",
        "url": "https://api.flakehub.com/f/pinned/UbiqueLambda/yafas/0.1.4%2Brev-7772afd6686458ca0ddbc599a52cf5d337367653/018add18-ebb4-72c6-93fe-d1d8da361703/source.tar.gz"
      },
      "original": {
        "type": "tarball",
        "url": "https://flakehub.com/f/UbiqueLambda/yafas/0.1.0.tar.gz"
      }
    }
  },
  "root": "root",
  "version": 7
}
